{
  "name": "cesium",
  "version": "1.13.0",
  "dependencies": {
    "multer": {
      "version": "1.0.6",
      "from": "multer@>=1.0.3 <2.0.0",
      "resolved": "https://registry.npmjs.org/multer/-/multer-1.0.6.tgz",
      "dependencies": {
        "append-field": {
          "version": "0.1.0",
          "from": "append-field@>=0.1.0 <0.2.0",
          "resolved": "https://registry.npmjs.org/append-field/-/append-field-0.1.0.tgz"
        },
        "busboy": {
          "version": "0.2.11",
          "from": "busboy@>=0.2.11 <0.3.0",
          "resolved": "https://registry.npmjs.org/busboy/-/busboy-0.2.11.tgz",
          "dependencies": {
            "dicer": {
              "version": "0.2.3",
              "from": "dicer@0.2.3",
              "resolved": "https://registry.npmjs.org/dicer/-/dicer-0.2.3.tgz",
              "dependencies": {
                "streamsearch": {
                  "version": "0.1.2",
                  "from": "streamsearch@0.1.2",
                  "resolved": "https://registry.npmjs.org/streamsearch/-/streamsearch-0.1.2.tgz"
                }
              }
            },
            "readable-stream": {
              "version": "1.1.13",
              "from": "readable-stream@>=1.1.0 <1.2.0",
              "resolved": "https://registry.npmjs.org/readable-stream/-/readable-stream-1.1.13.tgz",
              "dependencies": {
                "core-util-is": {
                  "version": "1.0.1",
                  "from": "core-util-is@>=1.0.0 <1.1.0",
                  "resolved": "https://registry.npmjs.org/core-util-is/-/core-util-is-1.0.1.tgz"
                },
                "isarray": {
                  "version": "0.0.1",
                  "from": "isarray@0.0.1",
                  "resolved": "https://registry.npmjs.org/isarray/-/isarray-0.0.1.tgz"
                },
                "string_decoder": {
                  "version": "0.10.31",
                  "from": "string_decoder@>=0.10.0 <0.11.0",
                  "resolved": "https://registry.npmjs.org/string_decoder/-/string_decoder-0.10.31.tgz"
                },
                "inherits": {
                  "version": "2.0.1",
                  "from": "inherits@>=2.0.1 <2.1.0",
                  "resolved": "https://registry.npmjs.org/inherits/-/inherits-2.0.1.tgz"
                }
              }
            }
          }
        },
        "concat-stream": {
          "version": "1.5.0",
          "from": "concat-stream@>=1.5.0 <2.0.0",
          "resolved": "https://registry.npmjs.org/concat-stream/-/concat-stream-1.5.0.tgz",
          "dependencies": {
            "inherits": {
              "version": "2.0.1",
              "from": "inherits@>=2.0.1 <2.1.0",
              "resolved": "https://registry.npmjs.org/inherits/-/inherits-2.0.1.tgz"
            },
            "typedarray": {
              "version": "0.0.6",
              "from": "typedarray@>=0.0.5 <0.1.0",
              "resolved": "https://registry.npmjs.org/typedarray/-/typedarray-0.0.6.tgz"
            },
            "readable-stream": {
              "version": "2.0.2",
              "from": "readable-stream@>=2.0.0 <2.1.0",
              "resolved": "https://registry.npmjs.org/readable-stream/-/readable-stream-2.0.2.tgz",
              "dependencies": {
                "core-util-is": {
                  "version": "1.0.1",
                  "from": "core-util-is@>=1.0.0 <1.1.0",
                  "resolved": "https://registry.npmjs.org/core-util-is/-/core-util-is-1.0.1.tgz"
                },
                "isarray": {
                  "version": "0.0.1",
                  "from": "isarray@0.0.1",
                  "resolved": "https://registry.npmjs.org/isarray/-/isarray-0.0.1.tgz"
                },
                "process-nextick-args": {
                  "version": "1.0.3",
                  "from": "process-nextick-args@>=1.0.0 <1.1.0",
                  "resolved": "https://registry.npmjs.org/process-nextick-args/-/process-nextick-args-1.0.3.tgz"
                },
                "string_decoder": {
                  "version": "0.10.31",
                  "from": "string_decoder@>=0.10.0 <0.11.0",
                  "resolved": "https://registry.npmjs.org/string_decoder/-/string_decoder-0.10.31.tgz"
                },
                "util-deprecate": {
                  "version": "1.0.2",
                  "from": "util-deprecate@>=1.0.1 <1.1.0",
                  "resolved": "https://registry.npmjs.org/util-deprecate/-/util-deprecate-1.0.2.tgz"
                }
              }
            }
          }
        },
        "mkdirp": {
          "version": "0.5.1",
          "from": "mkdirp@>=0.5.1 <0.6.0",
          "resolved": "https://registry.npmjs.org/mkdirp/-/mkdirp-0.5.1.tgz",
          "dependencies": {
            "minimist": {
              "version": "0.0.8",
              "from": "minimist@0.0.8",
              "resolved": "https://registry.npmjs.org/minimist/-/minimist-0.0.8.tgz"
            }
          }
        },
        "object-assign": {
          "version": "3.0.0",
          "from": "object-assign@>=3.0.0 <4.0.0",
          "resolved": "https://registry.npmjs.org/object-assign/-/object-assign-3.0.0.tgz"
        },
        "on-finished": {
          "version": "2.3.0",
          "from": "on-finished@>=2.3.0 <3.0.0",
          "resolved": "https://registry.npmjs.org/on-finished/-/on-finished-2.3.0.tgz",
          "dependencies": {
            "ee-first": {
              "version": "1.1.1",
              "from": "ee-first@1.1.1",
              "resolved": "https://registry.npmjs.org/ee-first/-/ee-first-1.1.1.tgz"
            }
          }
        },
        "type-is": {
          "version": "1.6.9",
          "from": "type-is@>=1.6.4 <1.7.0",
          "resolved": "https://registry.npmjs.org/type-is/-/type-is-1.6.9.tgz",
          "dependencies": {
            "media-typer": {
              "version": "0.3.0",
              "from": "media-typer@0.3.0",
              "resolved": "https://registry.npmjs.org/media-typer/-/media-typer-0.3.0.tgz"
            },
            "mime-types": {
              "version": "2.1.7",
              "from": "mime-types@>=2.1.7 <2.2.0",
              "resolved": "https://registry.npmjs.org/mime-types/-/mime-types-2.1.7.tgz",
              "dependencies": {
                "mime-db": {
                  "version": "1.19.0",
                  "from": "mime-db@>=1.19.0 <1.20.0",
                  "resolved": "https://registry.npmjs.org/mime-db/-/mime-db-1.19.0.tgz"
                }
              }
            }
          }
        },
        "xtend": {
          "version": "4.0.0",
          "from": "xtend@>=4.0.0 <5.0.0",
          "resolved": "https://registry.npmjs.org/xtend/-/xtend-4.0.0.tgz"
        }
      }
    }
  }
}
